
Microsoft Visual Studio Solution File, Format Version 12.00
Project("{FAE04EC0-301F-11D3-BF4B-00C04F79EFBC}") = "manager", "manager\manager.csproj", "{8C593990-C698-4FB6-8D80-AF23863B805C}"
EndProject
Global
	GlobalSection(SolutionConfigurationPlatforms) = preSolution
		Debug|Any CPU = Debug|Any CPU
		Release|Any CPU = Release|Any CPU
	EndGlobalSection
	GlobalSection(ProjectConfigurationPlatforms) = postSolution
		{6782338E-C20D-4975-9875-BF4E2117FDA4}.Debug|Any CPU.ActiveCfg = Debug|Any CPU
		{6782338E-C20D-4975-9875-BF4E2117FDA4}.Debug|Any CPU.Build.0 = Debug|Any CPU
		{6782338E-C20D-4975-9875-BF4E2117FDA4}.Release|Any CPU.ActiveCfg = Release|Any CPU
		{6782338E-C20D-4975-9875-BF4E2117FDA4}.Release|Any CPU.Build.0 = Release|Any CPU
		{8C593990-C698-4FB6-8D80-AF23863B805C}.Debug|Any CPU.ActiveCfg = Debug|Any CPU
		{8C593990-C698-4FB6-8D80-AF23863B805C}.Debug|Any CPU.Build.0 = Debug|Any CPU
		{8C593990-C698-4FB6-8D80-AF23863B805C}.Release|Any CPU.ActiveCfg = Release|Any CPU
		{8C593990-C698-4FB6-8D80-AF23863B805C}.Release|Any CPU.Build.0 = Release|Any CPU
	EndGlobalSection
EndGlobal
